
Microsoft Visual Studio Solution File, Format Version 12.00
# Visual Studio 14
VisualStudioVersion = 14.0.24720.0
MinimumVisualStudioVersion = 10.0.40219.1
Project("{FAE04EC0-301F-11D3-BF4B-00C04F79EFBC}") = "XJoy", "XJoy.csproj", "{021AC3DB-2B0B-4DD4-8A8B-FB6F15A4DEC3}"
EndProject
Global
	GlobalSection(SolutionConfigurationPlatforms) = preSolution
		Debug|Any CPU = Debug|Any CPU
		Release|Any CPU = Release|Any CPU
	EndGlobalSection
	GlobalSection(ProjectConfigurationPlatforms) = postSolution
		{021AC3DB-2B0B-4DD4-8A8B-FB6F15A4DEC3}.Debug|Any CPU.ActiveCfg = Debug|Any CPU
		{021AC3DB-2B0B-4DD4-8A8B-FB6F15A4DEC3}.Debug|Any CPU.Build.0 = Debug|Any CPU
		{021AC3DB-2B0B-4DD4-8A8B-FB6F15A4DEC3}.Release|Any CPU.ActiveCfg = Release|Any CPU
		{021AC3DB-2B0B-4DD4-8A8B-FB6F15A4DEC3}.Release|Any CPU.Build.0 = Release|Any CPU
	EndGlobalSection
	GlobalSection(SolutionProperties) = preSolution
		HideSolutionNode = FALSE
	EndGlobalSection
EndGlobal
